
Microsoft Visual Studio Solution File, Format Version 12.00
# Visual Studio Version 17
VisualStudioVersion = 17.5.002.0
MinimumVisualStudioVersion = 10.0.40219.1
Project("{9A19103F-16F7-4668-BE54-9A1E7A4F7556}") = "practica13-Msalmeron95", "practica13-Msalmeron95.csproj", "{C178F9F9-0C06-4308-A8F8-33787BCF1EAD}"
EndProject
Global
	GlobalSection(SolutionConfigurationPlatforms) = preSolution
		Debug|Any CPU = Debug|Any CPU
		Release|Any CPU = Release|Any CPU
	EndGlobalSection
	GlobalSection(ProjectConfigurationPlatforms) = postSolution
		{C178F9F9-0C06-4308-A8F8-33787BCF1EAD}.Debug|Any CPU.ActiveCfg = Debug|Any CPU
		{C178F9F9-0C06-4308-A8F8-33787BCF1EAD}.Debug|Any CPU.Build.0 = Debug|Any CPU
		{C178F9F9-0C06-4308-A8F8-33787BCF1EAD}.Release|Any CPU.ActiveCfg = Release|Any CPU
		{C178F9F9-0C06-4308-A8F8-33787BCF1EAD}.Release|Any CPU.Build.0 = Release|Any CPU
	EndGlobalSection
	GlobalSection(SolutionProperties) = preSolution
		HideSolutionNode = FALSE
	EndGlobalSection
	GlobalSection(ExtensibilityGlobals) = postSolution
		SolutionGuid = {9ED1E83F-781C-4E85-8682-A5DE3DCDE66C}
	EndGlobalSection
EndGlobal
